
Microsoft Visual Studio Solution File, Format Version 11.00
# Visual C# Express 2010
Project("{FAE04EC0-301F-11D3-BF4B-00C04F79EFBC}") = "ConsoleApplication1", "ConsoleApplication1\ConsoleApplication1.csproj", "{E48448C3-938E-4536-BF29-3B6E225DDA33}"
EndProject
Project("{FAE04EC0-301F-11D3-BF4B-00C04F79EFBC}") = "WindowsFormsApplication1", "WindowsFormsApplication1\WindowsFormsApplication1.csproj", "{51F8728F-0702-41BC-8F29-2E750E632923}"
EndProject
Global
	GlobalSection(SolutionConfigurationPlatforms) = preSolution
		Debug|x86 = Debug|x86
		Release|x86 = Release|x86
	EndGlobalSection
	GlobalSection(ProjectConfigurationPlatforms) = postSolution
		{E48448C3-938E-4536-BF29-3B6E225DDA33}.Debug|x86.ActiveCfg = Debug|x86
		{E48448C3-938E-4536-BF29-3B6E225DDA33}.Debug|x86.Build.0 = Debug|x86
		{E48448C3-938E-4536-BF29-3B6E225DDA33}.Release|x86.ActiveCfg = Release|x86
		{E48448C3-938E-4536-BF29-3B6E225DDA33}.Release|x86.Build.0 = Release|x86
		{51F8728F-0702-41BC-8F29-2E750E632923}.Debug|x86.ActiveCfg = Debug|x86
		{51F8728F-0702-41BC-8F29-2E750E632923}.Debug|x86.Build.0 = Debug|x86
		{51F8728F-0702-41BC-8F29-2E750E632923}.Release|x86.ActiveCfg = Release|x86
		{51F8728F-0702-41BC-8F29-2E750E632923}.Release|x86.Build.0 = Release|x86
	EndGlobalSection
	GlobalSection(SolutionProperties) = preSolution
		HideSolutionNode = FALSE
	EndGlobalSection
EndGlobal
